<?xml version="1.0" encoding="utf-8"?>
<Project ToolsVersion="4.0" xmlns="http://schemas.microsoft.com/developer/msbuild/2003">
  <ItemGroup>
    <Filter Include="소스 파일">
      <UniqueIdentifier>{4FC737F1-C7A5-4376-A066-2A32D752A2FF}</UniqueIdentifier>
      <Extensions>cpp;c;cc;cxx;c++;cppm;ixx;def;odl;idl;hpj;bat;asm;asmx</Extensions>
    </Filter>
    <Filter Include="헤더 파일">
      <UniqueIdentifier>{93995380-89BD-4b04-88EB-625FBE52EBFB}</UniqueIdentifier>
      <Extensions>h;hh;hpp;hxx;h++;hm;inl;inc;ipp;xsd</Extensions>
    </Filter>
    <Filter Include="리소스 파일">
      <UniqueIdentifier>{67DA6AB6-F800-4c08-8B7A-83BB121AAD01}</UniqueIdentifier>
      <Extensions>rc;ico;cur;bmp;dlg;rc2;rct;bin;rgs;gif;jpg;jpeg;jpe;resx;tiff;tif;png;wav;mfcribbon-ms</Extensions>
    </Filter>
    <Filter Include="headers">
      <UniqueIdentifier>{e4a48aef-a737-482f-af33-064ebf7111b6}</UniqueIdentifier>
    </Filter>
    <Filter Include="network">
      <UniqueIdentifier>{ade07e57-30f1-40f1-8556-d77efd82d39d}</UniqueIdentifier>
    </Filter>
    <Filter Include="network\Service">
      <UniqueIdentifier>{3f9440bd-80bb-4bce-ad11-6932af57a626}</UniqueIdentifier>
    </Filter>
    <Filter Include="Scene">
      <UniqueIdentifier>{44744847-ef9c-463f-b73a-d44ec615a049}</UniqueIdentifier>
    </Filter>
    <Filter Include="Scene\Lobby">
      <UniqueIdentifier>{522a3029-169d-420d-b249-33634ecc3228}</UniqueIdentifier>
    </Filter>
    <Filter Include="Scene\Battle">
      <UniqueIdentifier>{786a3a63-717e-4a0b-8f27-d2de0c1c5265}</UniqueIdentifier>
    </Filter>
    <Filter Include="Scene\Controller">
      <UniqueIdentifier>{5edeaf4f-9469-4acb-9fb5-7d9d5ea5c0c6}</UniqueIdentifier>
    </Filter>
    <Filter Include="Scene\Manager">
      <UniqueIdentifier>{1e6af721-7d84-4637-b347-cd9f88e9a6f5}</UniqueIdentifier>
    </Filter>
    <Filter Include="Scene\Interface">
      <UniqueIdentifier>{86ea8961-cf7b-4958-87be-71ef4c97887b}</UniqueIdentifier>
    </Filter>
    <Filter Include="network\BattleClient">
      <UniqueIdentifier>{c9fbe54b-5110-4ec8-b24b-c38ca7a058aa}</UniqueIdentifier>
    </Filter>
    <Filter Include="network\NetCore">
      <UniqueIdentifier>{b0c2564e-dd7a-45e0-b255-b7cdbd5000a3}</UniqueIdentifier>
    </Filter>
  </ItemGroup>
  <ItemGroup>
    <ClInclude Include="targetver.h">
      <Filter>헤더 파일</Filter>
    </ClInclude>
    <ClInclude Include="Resource.h">
      <Filter>헤더 파일</Filter>
    </ClInclude>
    <ClInclude Include="Camera.h">
      <Filter>헤더 파일</Filter>
    </ClInclude>
    <ClInclude Include="GameObject.h">
      <Filter>헤더 파일</Filter>
    </ClInclude>
    <ClInclude Include="Timer.h">
      <Filter>헤더 파일</Filter>
    </ClInclude>
    <ClInclude Include="global.h">
      <Filter>headers</Filter>
    </ClInclude>
    <ClInclude Include="MathHelper.h">
      <Filter>headers</Filter>
    </ClInclude>
    <ClInclude Include="pch.h">
      <Filter>headers</Filter>
    </ClInclude>
    <ClInclude Include="framework.h">
      <Filter>headers</Filter>
    </ClInclude>
    <ClInclude Include="define.h">
      <Filter>headers</Filter>
    </ClInclude>
    <ClInclude Include="d3dUtil.h">
      <Filter>headers</Filter>
    </ClInclude>
    <ClInclude Include="d3dx12.h">
      <Filter>headers</Filter>
    </ClInclude>
    <ClInclude Include="DDSTextureLoader.h">
      <Filter>headers</Filter>
    </ClInclude>
    <ClInclude Include="GraphicsRenderer.h">
      <Filter>헤더 파일</Filter>
    </ClInclude>
    <ClInclude Include="Singleton.h">
      <Filter>headers</Filter>
    </ClInclude>
    <ClInclude Include="main.h">
      <Filter>헤더 파일</Filter>
    </ClInclude>
    <ClInclude Include="GameCore.h">
      <Filter>헤더 파일</Filter>
    </ClInclude>
    <ClInclude Include="IGameApp.h">
      <Filter>헤더 파일</Filter>
    </ClInclude>
    <ClInclude Include="InputHandler.h">
      <Filter>헤더 파일</Filter>
    </ClInclude>
    <ClInclude Include="TOY_GROUND.h">
      <Filter>헤더 파일</Filter>
    </ClInclude>
    <ClInclude Include="Controller.h">
      <Filter>헤더 파일</Filter>
    </ClInclude>
    <ClInclude Include="Objectinfo.h">
      <Filter>헤더 파일</Filter>
    </ClInclude>
    <ClInclude Include="AssertsReference.h">
      <Filter>헤더 파일</Filter>
    </ClInclude>
    <ClInclude Include="GeometryMesh.h">
      <Filter>헤더 파일</Filter>
    </ClInclude>
    <ClInclude Include="CommandContext.h">
      <Filter>헤더 파일</Filter>
    </ClInclude>
    <ClInclude Include="UploadBuffer.h">
      <Filter>헤더 파일</Filter>
    </ClInclude>
    <ClInclude Include="Character.h">
      <Filter>헤더 파일</Filter>
    </ClInclude>
    <ClInclude Include="ApplicationContext.h">
      <Filter>헤더 파일</Filter>
    </ClInclude>
    <ClInclude Include="Map.h">
      <Filter>헤더 파일</Filter>
    </ClInclude>
    <ClInclude Include="PlayerController.h">
      <Filter>헤더 파일</Filter>
    </ClInclude>
    <ClInclude Include="SkinnedData.h">
      <Filter>헤더 파일</Filter>
    </ClInclude>
    <ClInclude Include="SkinnedModelInstance.h">
      <Filter>헤더 파일</Filter>
    </ClInclude>
    <ClInclude Include="AnimationController.h">
      <Filter>헤더 파일</Filter>
    </ClInclude>
    <ClInclude Include="CharacterParts.h">
      <Filter>헤더 파일</Filter>
    </ClInclude>
    <ClInclude Include="CommandCenter.h">
      <Filter>헤더 파일</Filter>
    </ClInclude>
    <ClInclude Include="ICommand.h">
      <Filter>헤더 파일</Filter>
    </ClInclude>
    <ClInclude Include="MoveCommand.h">
      <Filter>헤더 파일</Filter>
    </ClInclude>
    <ClInclude Include="GeometryGenerator.h">
      <Filter>헤더 파일</Filter>
    </ClInclude>
    <ClInclude Include="Service.h">
      <Filter>network\Service</Filter>
    </ClInclude>
    <ClInclude Include="GeometryGenerator.h">
      <Filter>헤더 파일</Filter>
    </ClInclude>
    <ClInclude Include="netCore.h">
      <Filter>network\NetCore</Filter>
    </ClInclude>
    <ClInclude Include="BattleClient.h">
      <Filter>network\BattleClient</Filter>
    </ClInclude>
    <ClInclude Include="LobbyScene.h">
      <Filter>Scene\Lobby</Filter>
    </ClInclude>
    <ClInclude Include="GamePlayScene.h">
      <Filter>Scene\Battle</Filter>
    </ClInclude>
    <ClInclude Include="Scene.h">
      <Filter>Scene\Interface</Filter>
    </ClInclude>
    <ClInclude Include="SceneController.h">
      <Filter>Scene\Controller</Filter>
    </ClInclude>
    <ClInclude Include="SceneManager.h">
      <Filter>Scene\Manager</Filter>
    </ClInclude>
    <ClInclude Include="BoundingBoxMesh.h">
      <Filter>헤더 파일</Filter>
    </ClInclude>
  </ItemGroup>
  <ItemGroup>
    <ResourceCompile Include="LabProject.rc">
      <Filter>리소스 파일</Filter>
    </ResourceCompile>
  </ItemGroup>
  <ItemGroup>
    <Image Include="small.ico">
      <Filter>리소스 파일</Filter>
    </Image>
    <Image Include="LabProject.ico">
      <Filter>리소스 파일</Filter>
    </Image>
  </ItemGroup>
  <ItemGroup>
    <ClCompile Include="Camera.cpp">
      <Filter>소스 파일</Filter>
    </ClCompile>
    <ClCompile Include="GameObject.cpp">
      <Filter>소스 파일</Filter>
    </ClCompile>
    <ClCompile Include="pch.cpp">
      <Filter>headers</Filter>
    </ClCompile>
    <ClCompile Include="d3dUtil.cpp">
      <Filter>headers</Filter>
    </ClCompile>
    <ClCompile Include="DDSTextureLoader.cpp">
      <Filter>headers</Filter>
    </ClCompile>
    <ClCompile Include="GraphicsRenderer.cpp">
      <Filter>소스 파일</Filter>
    </ClCompile>
    <ClCompile Include="Timer.cpp">
      <Filter>소스 파일</Filter>
    </ClCompile>
    <ClCompile Include="main.cpp">
      <Filter>소스 파일</Filter>
    </ClCompile>
    <ClCompile Include="GameCore.cpp">
      <Filter>소스 파일</Filter>
    </ClCompile>
    <ClCompile Include="IGameApp.cpp">
      <Filter>소스 파일</Filter>
    </ClCompile>
    <ClCompile Include="InputHandler.cpp">
      <Filter>소스 파일</Filter>
    </ClCompile>
    <ClCompile Include="TOY_GROUND.cpp">
      <Filter>소스 파일</Filter>
    </ClCompile>
    <ClCompile Include="Controller.cpp">
      <Filter>소스 파일</Filter>
    </ClCompile>
    <ClCompile Include="Objectinfo.cpp">
      <Filter>소스 파일</Filter>
    </ClCompile>
    <ClCompile Include="AssertsReference.cpp">
      <Filter>소스 파일</Filter>
    </ClCompile>
    <ClCompile Include="GeometryMesh.cpp">
      <Filter>소스 파일</Filter>
    </ClCompile>
    <ClCompile Include="GeometryGenerator.cpp">
      <Filter>소스 파일</Filter>
    </ClCompile>
    <ClCompile Include="MathHelper.cpp">
      <Filter>headers</Filter>
    </ClCompile>
    <ClCompile Include="CommandContext.cpp">
      <Filter>소스 파일</Filter>
    </ClCompile>
    <ClCompile Include="Character.cpp">
      <Filter>소스 파일</Filter>
    </ClCompile>
    <ClCompile Include="ApplicationContext.cpp">
      <Filter>소스 파일</Filter>
    </ClCompile>
    <ClCompile Include="Map.cpp">
      <Filter>소스 파일</Filter>
    </ClCompile>
    <ClCompile Include="PlayerController.cpp">
      <Filter>소스 파일</Filter>
    </ClCompile>
    <ClCompile Include="SkinnedData.cpp">
      <Filter>소스 파일</Filter>
    </ClCompile>
    <ClCompile Include="SkinnedModelInstance.cpp">
      <Filter>소스 파일</Filter>
    </ClCompile>
    <ClCompile Include="AnimationController.cpp">
      <Filter>소스 파일</Filter>
    </ClCompile>
    <ClCompile Include="CharacterParts.cpp">
      <Filter>소스 파일</Filter>
    </ClCompile>
    <ClCompile Include="CommandCenter.cpp">
      <Filter>소스 파일</Filter>
    </ClCompile>
    <ClCompile Include="ICommand.cpp">
      <Filter>소스 파일</Filter>
    </ClCompile>
    <ClCompile Include="MoveCommand.cpp">
      <Filter>소스 파일</Filter>
    </ClCompile>
    <ClCompile Include="Service.cpp">
      <Filter>network\Service</Filter>
    </ClCompile>
    <ClCompile Include="netCore.cpp">
      <Filter>network\NetCore</Filter>
    </ClCompile>
    <ClCompile Include="BattleClient.cpp">
      <Filter>network\BattleClient</Filter>
    </ClCompile>
    <ClCompile Include="LobbyScene.cpp">
      <Filter>Scene\Lobby</Filter>
    </ClCompile>
    <ClCompile Include="GamePlayScene.cpp">
      <Filter>Scene\Battle</Filter>
    </ClCompile>
    <ClCompile Include="Scene.cpp">
      <Filter>Scene\Interface</Filter>
    </ClCompile>
    <ClCompile Include="SceneController.cpp">
      <Filter>Scene\Controller</Filter>
    </ClCompile>
    <ClCompile Include="SceneManager.cpp">
      <Filter>Scene\Manager</Filter>
    </ClCompile>
    <ClCompile Include="BoundingBoxMesh.cpp">
      <Filter>소스 파일</Filter>
    </ClCompile>
  </ItemGroup>
  <ItemGroup>
    <FxCompile Include="Shaders\Common.hlsl" />
    <FxCompile Include="Shaders\LightingUtil.hlsl" />
    <FxCompile Include="Shaders\Default.hlsl" />
    <FxCompile Include="Shaders\Sky.hlsl" />
    <FxCompile Include="Shaders\BBox.hlsl" />
  </ItemGroup>
</Project>