<?xml version="1.0" encoding="utf-8"?>
<Project ToolsVersion="4.0" xmlns="http://schemas.microsoft.com/developer/msbuild/2003">
  <ItemGroup>
    <Filter Include="소스 파일">
      <UniqueIdentifier>{4FC737F1-C7A5-4376-A066-2A32D752A2FF}</UniqueIdentifier>
      <Extensions>cpp;c;cc;cxx;def;odl;idl;hpj;bat;asm;asmx</Extensions>
    </Filter>
    <Filter Include="헤더 파일">
      <UniqueIdentifier>{93995380-89BD-4b04-88EB-625FBE52EBFB}</UniqueIdentifier>
      <Extensions>h;hh;hpp;hxx;hm;inl;inc;xsd</Extensions>
    </Filter>
    <Filter Include="리소스 파일">
      <UniqueIdentifier>{67DA6AB6-F800-4c08-8B7A-83BB121AAD01}</UniqueIdentifier>
      <Extensions>rc;ico;cur;bmp;dlg;rc2;rct;bin;rgs;gif;jpg;jpeg;jpe;resx;tiff;tif;png;wav;mfcribbon-ms</Extensions>
    </Filter>
    <Filter Include="SoundManager">
      <UniqueIdentifier>{a3023664-3218-4dc1-a026-ffa583820143}</UniqueIdentifier>
    </Filter>
    <Filter Include="Class">
      <UniqueIdentifier>{96811ff5-23d2-4fd8-bfbf-cf8d32159311}</UniqueIdentifier>
    </Filter>
    <Filter Include="Class\Hero">
      <UniqueIdentifier>{e8a068a4-38db-40e4-adcb-7a3613d82123}</UniqueIdentifier>
    </Filter>
    <Filter Include="Class\ResorceTable">
      <UniqueIdentifier>{132f8bab-25bd-4c10-be04-5bba03c895d2}</UniqueIdentifier>
    </Filter>
    <Filter Include="Class\Table">
      <UniqueIdentifier>{33088141-bc8e-4b1e-b42c-0eb731f0b55b}</UniqueIdentifier>
    </Filter>
    <Filter Include="Class\Font">
      <UniqueIdentifier>{dae2ca29-8e57-4c50-8fb7-5782c9316d39}</UniqueIdentifier>
    </Filter>
    <Filter Include="Class\Global">
      <UniqueIdentifier>{7c5dd68a-5494-4b62-b8d7-20464b02de47}</UniqueIdentifier>
    </Filter>
  </ItemGroup>
  <ItemGroup>
    <ClCompile Include="main.cpp">
      <Filter>소스 파일</Filter>
    </ClCompile>
    <ClCompile Include="SoundManager.cpp">
      <Filter>SoundManager</Filter>
    </ClCompile>
    <ClCompile Include="Hero.cpp">
      <Filter>Class\Hero</Filter>
    </ClCompile>
    <ClCompile Include="ResorceTable.cpp">
      <Filter>Class\ResorceTable</Filter>
    </ClCompile>
    <ClCompile Include="Table.cpp">
      <Filter>Class\Table</Filter>
    </ClCompile>
    <ClCompile Include="Global.cpp">
      <Filter>Class\Global</Filter>
    </ClCompile>
    <ClCompile Include="Framework.cpp">
      <Filter>Class</Filter>
    </ClCompile>
    <ClCompile Include="Scene.cpp">
      <Filter>소스 파일</Filter>
    </ClCompile>
    <ClCompile Include="LogoScene.cpp">
      <Filter>소스 파일</Filter>
    </ClCompile>
    <ClCompile Include="GameScene.cpp">
      <Filter>소스 파일</Filter>
    </ClCompile>
    <ClCompile Include="LobbyScene.cpp">
      <Filter>소스 파일</Filter>
    </ClCompile>
  </ItemGroup>
  <ItemGroup>
    <ClInclude Include="MISC.h">
      <Filter>헤더 파일</Filter>
    </ClInclude>
    <ClInclude Include="SoundManager.h">
      <Filter>SoundManager</Filter>
    </ClInclude>
    <ClInclude Include="Hero.h">
      <Filter>Class\Hero</Filter>
    </ClInclude>
    <ClInclude Include="ResorceTable.h">
      <Filter>Class\ResorceTable</Filter>
    </ClInclude>
    <ClInclude Include="Table.h">
      <Filter>Class\Table</Filter>
    </ClInclude>
    <ClInclude Include="Global.h">
      <Filter>Class\Global</Filter>
    </ClInclude>
    <ClInclude Include="RankMng.h">
      <Filter>헤더 파일</Filter>
    </ClInclude>
    <ClInclude Include="resource.h">
      <Filter>헤더 파일</Filter>
    </ClInclude>
    <ClInclude Include="protocol.h">
      <Filter>헤더 파일</Filter>
    </ClInclude>
    <ClInclude Include="Framework.h">
      <Filter>Class</Filter>
    </ClInclude>
    <ClInclude Include="Scene.h">
      <Filter>헤더 파일</Filter>
    </ClInclude>
    <ClInclude Include="logoScene.h">
      <Filter>헤더 파일</Filter>
    </ClInclude>
    <ClInclude Include="GameScene.h">
      <Filter>헤더 파일</Filter>
    </ClInclude>
    <ClInclude Include="LobbyScene.h">
      <Filter>헤더 파일</Filter>
    </ClInclude>
  </ItemGroup>
  <ItemGroup>
    <ResourceCompile Include="Evaid.rc">
      <Filter>리소스 파일</Filter>
    </ResourceCompile>
  </ItemGroup>
  <ItemGroup>
    <Image Include="icon1.ico">
      <Filter>리소스 파일</Filter>
    </Image>
  </ItemGroup>
</Project>