<?xml version="1.0" encoding="utf-8"?>
<Project ToolsVersion="4.0" xmlns="http://schemas.microsoft.com/developer/msbuild/2003">
  <ItemGroup>
    <Filter Include="소스 파일">
      <UniqueIdentifier>{4FC737F1-C7A5-4376-A066-2A32D752A2FF}</UniqueIdentifier>
      <Extensions>cpp;c;cc;cxx;c++;cppm;ixx;def;odl;idl;hpj;bat;asm;asmx</Extensions>
    </Filter>
    <Filter Include="헤더 파일">
      <UniqueIdentifier>{93995380-89BD-4b04-88EB-625FBE52EBFB}</UniqueIdentifier>
      <Extensions>h;hh;hpp;hxx;h++;hm;inl;inc;ipp;xsd</Extensions>
    </Filter>
    <Filter Include="리소스 파일">
      <UniqueIdentifier>{67DA6AB6-F800-4c08-8B7A-83BB121AAD01}</UniqueIdentifier>
      <Extensions>rc;ico;cur;bmp;dlg;rc2;rct;bin;rgs;gif;jpg;jpeg;jpe;resx;tiff;tif;png;wav;mfcribbon-ms</Extensions>
    </Filter>
    <Filter Include="Code">
      <UniqueIdentifier>{cd65cefd-30b4-4814-88d8-a317acc5f0e1}</UniqueIdentifier>
    </Filter>
    <Filter Include="Code\BattleServer">
      <UniqueIdentifier>{69de2135-4323-4d93-b1fe-c7fb6a68637b}</UniqueIdentifier>
    </Filter>
    <Filter Include="Code\TCPSocket">
      <UniqueIdentifier>{5e19c5aa-81fa-4a08-b017-82ad9adf4b60}</UniqueIdentifier>
    </Filter>
    <Filter Include="Code\Thread">
      <UniqueIdentifier>{9543fa6b-73d1-47b4-97a3-a0778aedc94a}</UniqueIdentifier>
    </Filter>
    <Filter Include="Code\Thread\ThreadInterface">
      <UniqueIdentifier>{12b0ce1b-7bb3-4f85-bb7f-65106b0b13e0}</UniqueIdentifier>
    </Filter>
    <Filter Include="Code\Thread\Handler">
      <UniqueIdentifier>{877b14d4-b61a-4e84-8303-45ed07d88476}</UniqueIdentifier>
    </Filter>
    <Filter Include="Code\Thread\Worker">
      <UniqueIdentifier>{6ac17e48-2c36-4bad-a1c6-ce6f9e425d0e}</UniqueIdentifier>
    </Filter>
    <Filter Include="Code\Room">
      <UniqueIdentifier>{70b14374-9d5b-43d7-8efd-09df10aa0527}</UniqueIdentifier>
    </Filter>
    <Filter Include="Code\DX">
      <UniqueIdentifier>{9f98be75-9793-4a0e-82d0-6059844f21e4}</UniqueIdentifier>
    </Filter>
    <Filter Include="Code\Boundary">
      <UniqueIdentifier>{0de8bd11-04d9-4fed-b4de-d62a7fd4ba64}</UniqueIdentifier>
    </Filter>
    <Filter Include="Code\Object">
      <UniqueIdentifier>{ed422069-e1c5-4a9a-a2c5-6d458ba4859a}</UniqueIdentifier>
    </Filter>
    <Filter Include="Code\Object\Interface">
      <UniqueIdentifier>{ec4935c5-6294-4a8b-a86d-5f835855406a}</UniqueIdentifier>
    </Filter>
    <Filter Include="Code\Thread\Timer">
      <UniqueIdentifier>{edb911e5-7e8e-439a-af45-3ad57d0aac72}</UniqueIdentifier>
    </Filter>
    <Filter Include="Code\Player">
      <UniqueIdentifier>{ae0099fc-b84b-4eed-bb39-5f628b84b018}</UniqueIdentifier>
    </Filter>
    <Filter Include="Code\Player\Interface">
      <UniqueIdentifier>{73be7fae-78a0-4f1f-a49a-88a133cf55af}</UniqueIdentifier>
    </Filter>
    <Filter Include="Code\Player\Toy">
      <UniqueIdentifier>{982ffbd6-b36a-484e-8b1b-4135c2c7f585}</UniqueIdentifier>
    </Filter>
    <Filter Include="Code\Object\Bullet">
      <UniqueIdentifier>{a7109eef-74ff-4d96-a651-db7e92ffd30f}</UniqueIdentifier>
    </Filter>
    <Filter Include="Code\Object\Character">
      <UniqueIdentifier>{66c90c78-abf9-4fa4-a916-884bfd6d3c04}</UniqueIdentifier>
    </Filter>
    <Filter Include="Code\Physics">
      <UniqueIdentifier>{5cad76b1-5598-442d-a204-3507d95e11b1}</UniqueIdentifier>
    </Filter>
    <Filter Include="Code\SpawnPosition">
      <UniqueIdentifier>{9282ae31-0d61-4dc7-9b5d-11d75cce4387}</UniqueIdentifier>
    </Filter>
    <Filter Include="Code\Map">
      <UniqueIdentifier>{fd38f94a-04d2-4f4f-a1a8-5d47167fe3a9}</UniqueIdentifier>
    </Filter>
  </ItemGroup>
  <ItemGroup>
    <ClCompile Include="main.cpp">
      <Filter>소스 파일</Filter>
    </ClCompile>
    <ClCompile Include="battleServer.cpp">
      <Filter>Code\BattleServer</Filter>
    </ClCompile>
    <ClCompile Include="TCPSocket.cpp">
      <Filter>Code\TCPSocket</Filter>
    </ClCompile>
    <ClCompile Include="ThreadHandler.cpp">
      <Filter>Code\Thread\Handler</Filter>
    </ClCompile>
    <ClCompile Include="WorkerThread.cpp">
      <Filter>Code\Thread\Worker</Filter>
    </ClCompile>
    <ClCompile Include="Room.cpp">
      <Filter>Code\Room</Filter>
    </ClCompile>
    <ClCompile Include="MathHelper.cpp">
      <Filter>Code\DX</Filter>
    </ClCompile>
    <ClCompile Include="Boundary.cpp">
      <Filter>Code\Boundary</Filter>
    </ClCompile>
    <ClCompile Include="Object.cpp">
      <Filter>Code\Object\Interface</Filter>
    </ClCompile>
    <ClCompile Include="pch.cpp">
      <Filter>소스 파일</Filter>
    </ClCompile>
    <ClCompile Include="Player.cpp">
      <Filter>Code\Player\Interface</Filter>
    </ClCompile>
    <ClCompile Include="Toy.cpp">
      <Filter>Code\Player\Toy</Filter>
    </ClCompile>
    <ClCompile Include="Bullet.cpp">
      <Filter>Code\Object\Bullet</Filter>
    </ClCompile>
    <ClCompile Include="Character.cpp">
      <Filter>Code\Object\Character</Filter>
    </ClCompile>
    <ClCompile Include="Physics.cpp">
      <Filter>Code\Physics</Filter>
    </ClCompile>
    <ClCompile Include="SpawnPosition.cpp">
      <Filter>Code\SpawnPosition</Filter>
    </ClCompile>
    <ClCompile Include="Map.cpp">
      <Filter>Code\Map</Filter>
    </ClCompile>
    <ClCompile Include="MyThread.cpp">
      <Filter>Code\Thread\ThreadInterface</Filter>
    </ClCompile>
    <ClCompile Include="TimerThread.cpp">
      <Filter>소스 파일</Filter>
    </ClCompile>
  </ItemGroup>
  <ItemGroup>
    <ClInclude Include="pch.h">
      <Filter>헤더 파일</Filter>
    </ClInclude>
    <ClInclude Include="Global.h">
      <Filter>헤더 파일</Filter>
    </ClInclude>
    <ClInclude Include="Singleton.h">
      <Filter>헤더 파일</Filter>
    </ClInclude>
    <ClInclude Include="battleServer.h">
      <Filter>Code\BattleServer</Filter>
    </ClInclude>
    <ClInclude Include="extern.h">
      <Filter>헤더 파일</Filter>
    </ClInclude>
    <ClInclude Include="TCPSocket.h">
      <Filter>Code\TCPSocket</Filter>
    </ClInclude>
    <ClInclude Include="ThreadHandler.h">
      <Filter>Code\Thread\Handler</Filter>
    </ClInclude>
    <ClInclude Include="MyThread.h">
      <Filter>Code\Thread\ThreadInterface</Filter>
    </ClInclude>
    <ClInclude Include="WorkerThread.h">
      <Filter>Code\Thread\Worker</Filter>
    </ClInclude>
    <ClInclude Include="Room.h">
      <Filter>Code\Room</Filter>
    </ClInclude>
    <ClInclude Include="..\..\demo_server\demo_server\protocol.h">
      <Filter>헤더 파일</Filter>
    </ClInclude>
    <ClInclude Include="MathHelper.h">
      <Filter>Code\DX</Filter>
    </ClInclude>
    <ClInclude Include="Boundary.h">
      <Filter>Code\Boundary</Filter>
    </ClInclude>
    <ClInclude Include="Object.h">
      <Filter>Code\Object\Interface</Filter>
    </ClInclude>
    <ClInclude Include="TimerThread.h">
      <Filter>Code\Thread\Timer</Filter>
    </ClInclude>
    <ClInclude Include="Player.h">
      <Filter>Code\Player\Interface</Filter>
    </ClInclude>
    <ClInclude Include="Toy.h">
      <Filter>Code\Player\Toy</Filter>
    </ClInclude>
    <ClInclude Include="Bullet.h">
      <Filter>Code\Object\Bullet</Filter>
    </ClInclude>
    <ClInclude Include="Character.h">
      <Filter>Code\Object\Character</Filter>
    </ClInclude>
    <ClInclude Include="Physics.h">
      <Filter>Code\Physics</Filter>
    </ClInclude>
    <ClInclude Include="SpawnPosition.h">
      <Filter>Code\SpawnPosition</Filter>
    </ClInclude>
    <ClInclude Include="Map.h">
      <Filter>Code\Map</Filter>
    </ClInclude>
  </ItemGroup>
</Project>